
Microsoft Visual Studio Solution File, Format Version 12.00
# Visual Studio 14
VisualStudioVersion = 14.0.25420.1
MinimumVisualStudioVersion = 10.0.40219.1
Project("{FAE04EC0-301F-11D3-BF4B-00C04F79EFBC}") = "DataTableWithWebForm", "DataTableWithWebForm\DataTableWithWebForm.csproj", "{AA19BD4B-3D63-461C-81DD-5C27FE53FA98}"
EndProject
Project("{FAE04EC0-301F-11D3-BF4B-00C04F79EFBC}") = "DevKidos.Common", "DevKidos.Common\DevKidos.Common.csproj", "{9B55E600-1248-4DA6-BBAE-548B205019CE}"
EndProject
Global
	GlobalSection(SolutionConfigurationPlatforms) = preSolution
		Debug|Any CPU = Debug|Any CPU
		Release|Any CPU = Release|Any CPU
	EndGlobalSection
	GlobalSection(ProjectConfigurationPlatforms) = postSolution
		{AA19BD4B-3D63-461C-81DD-5C27FE53FA98}.Debug|Any CPU.ActiveCfg = Debug|Any CPU
		{AA19BD4B-3D63-461C-81DD-5C27FE53FA98}.Debug|Any CPU.Build.0 = Debug|Any CPU
		{AA19BD4B-3D63-461C-81DD-5C27FE53FA98}.Release|Any CPU.ActiveCfg = Release|Any CPU
		{AA19BD4B-3D63-461C-81DD-5C27FE53FA98}.Release|Any CPU.Build.0 = Release|Any CPU
		{9B55E600-1248-4DA6-BBAE-548B205019CE}.Debug|Any CPU.ActiveCfg = Debug|Any CPU
		{9B55E600-1248-4DA6-BBAE-548B205019CE}.Debug|Any CPU.Build.0 = Debug|Any CPU
		{9B55E600-1248-4DA6-BBAE-548B205019CE}.Release|Any CPU.ActiveCfg = Release|Any CPU
		{9B55E600-1248-4DA6-BBAE-548B205019CE}.Release|Any CPU.Build.0 = Release|Any CPU
	EndGlobalSection
	GlobalSection(SolutionProperties) = preSolution
		HideSolutionNode = FALSE
	EndGlobalSection
EndGlobal
